
Microsoft Visual Studio Solution File, Format Version 12.00
# Visual Studio Version 17
VisualStudioVersion = 17.0.31903.59
MinimumVisualStudioVersion = 10.0.40219.1
Project("{2150E333-8FDC-42A3-9474-1A3956D46DE8}") = "src", "src", "{827E0CD3-B72D-47B6-A68D-7590B98EB39B}"
EndProject
Project("{FAE04EC0-301F-11D3-BF4B-00C04F79EFBC}") = "AgentProof.Domain", "src\AgentProof.Domain\AgentProof.Domain.csproj", "{1B1C571A-2B03-4CF8-A158-912C4789698A}"
EndProject
Project("{FAE04EC0-301F-11D3-BF4B-00C04F79EFBC}") = "AgentProof.Application", "src\AgentProof.Application\AgentProof.Application.csproj", "{F3F1A41F-2886-43F6-BD99-8DC3BFB6E9A3}"
EndProject
Project("{FAE04EC0-301F-11D3-BF4B-00C04F79EFBC}") = "AgentProof.Infrastructure", "src\AgentProof.Infrastructure\AgentProof.Infrastructure.csproj", "{258CBC36-2616-4934-8232-81D6849C06F4}"
EndProject
Project("{FAE04EC0-301F-11D3-BF4B-00C04F79EFBC}") = "AgentProof.Mcp", "src\AgentProof.Mcp\AgentProof.Mcp.csproj", "{C0231B02-AC7B-48B6-A04D-B11D4A2C7463}"
EndProject
Project("{FAE04EC0-301F-11D3-BF4B-00C04F79EFBC}") = "AgentProof.Cli", "src\AgentProof.Cli\AgentProof.Cli.csproj", "{433290FC-D7E9-4DC9-B97E-8DD89D351A04}"
EndProject
Project("{2150E333-8FDC-42A3-9474-1A3956D46DE8}") = "tests", "tests", "{0AB3BF05-4346-4AA6-1389-037BE0695223}"
EndProject
Project("{FAE04EC0-301F-11D3-BF4B-00C04F79EFBC}") = "AgentProof.UnitTests", "tests\AgentProof.UnitTests\AgentProof.UnitTests.csproj", "{8FCF23F3-CE13-44D2-A507-6D8ECD9732DD}"
EndProject
Project("{FAE04EC0-301F-11D3-BF4B-00C04F79EFBC}") = "AgentProof.IntegrationTests", "tests\AgentProof.IntegrationTests\AgentProof.IntegrationTests.csproj", "{0D62F5FD-A332-460A-9AC6-327AB4CBD0C3}"
EndProject
Global
	GlobalSection(SolutionConfigurationPlatforms) = preSolution
		Debug|Any CPU = Debug|Any CPU
		Debug|x64 = Debug|x64
		Debug|x86 = Debug|x86
		Release|Any CPU = Release|Any CPU
		Release|x64 = Release|x64
		Release|x86 = Release|x86
	EndGlobalSection
	GlobalSection(ProjectConfigurationPlatforms) = postSolution
		{1B1C571A-2B03-4CF8-A158-912C4789698A}.Debug|Any CPU.ActiveCfg = Debug|Any CPU
		{1B1C571A-2B03-4CF8-A158-912C4789698A}.Debug|Any CPU.Build.0 = Debug|Any CPU
		{1B1C571A-2B03-4CF8-A158-912C4789698A}.Debug|x64.ActiveCfg = Debug|Any CPU
		{1B1C571A-2B03-4CF8-A158-912C4789698A}.Debug|x64.Build.0 = Debug|Any CPU
		{1B1C571A-2B03-4CF8-A158-912C4789698A}.Debug|x86.ActiveCfg = Debug|Any CPU
		{1B1C571A-2B03-4CF8-A158-912C4789698A}.Debug|x86.Build.0 = Debug|Any CPU
		{1B1C571A-2B03-4CF8-A158-912C4789698A}.Release|Any CPU.ActiveCfg = Release|Any CPU
		{1B1C571A-2B03-4CF8-A158-912C4789698A}.Release|Any CPU.Build.0 = Release|Any CPU
		{1B1C571A-2B03-4CF8-A158-912C4789698A}.Release|x64.ActiveCfg = Release|Any CPU
		{1B1C571A-2B03-4CF8-A158-912C4789698A}.Release|x64.Build.0 = Release|Any CPU
		{1B1C571A-2B03-4CF8-A158-912C4789698A}.Release|x86.ActiveCfg = Release|Any CPU
		{1B1C571A-2B03-4CF8-A158-912C4789698A}.Release|x86.Build.0 = Release|Any CPU
		{F3F1A41F-2886-43F6-BD99-8DC3BFB6E9A3}.Debug|Any CPU.ActiveCfg = Debug|Any CPU
		{F3F1A41F-2886-43F6-BD99-8DC3BFB6E9A3}.Debug|Any CPU.Build.0 = Debug|Any CPU
		{F3F1A41F-2886-43F6-BD99-8DC3BFB6E9A3}.Debug|x64.ActiveCfg = Debug|Any CPU
		{F3F1A41F-2886-43F6-BD99-8DC3BFB6E9A3}.Debug|x64.Build.0 = Debug|Any CPU
		{F3F1A41F-2886-43F6-BD99-8DC3BFB6E9A3}.Debug|x86.ActiveCfg = Debug|Any CPU
		{F3F1A41F-2886-43F6-BD99-8DC3BFB6E9A3}.Debug|x86.Build.0 = Debug|Any CPU
		{F3F1A41F-2886-43F6-BD99-8DC3BFB6E9A3}.Release|Any CPU.ActiveCfg = Release|Any CPU
		{F3F1A41F-2886-43F6-BD99-8DC3BFB6E9A3}.Release|Any CPU.Build.0 = Release|Any CPU
		{F3F1A41F-2886-43F6-BD99-8DC3BFB6E9A3}.Release|x64.ActiveCfg = Release|Any CPU
		{F3F1A41F-2886-43F6-BD99-8DC3BFB6E9A3}.Release|x64.Build.0 = Release|Any CPU
		{F3F1A41F-2886-43F6-BD99-8DC3BFB6E9A3}.Release|x86.ActiveCfg = Release|Any CPU
		{F3F1A41F-2886-43F6-BD99-8DC3BFB6E9A3}.Release|x86.Build.0 = Release|Any CPU
		{258CBC36-2616-4934-8232-81D6849C06F4}.Debug|Any CPU.ActiveCfg = Debug|Any CPU
		{258CBC36-2616-4934-8232-81D6849C06F4}.Debug|Any CPU.Build.0 = Debug|Any CPU
		{258CBC36-2616-4934-8232-81D6849C06F4}.Debug|x64.ActiveCfg = Debug|Any CPU
		{258CBC36-2616-4934-8232-81D6849C06F4}.Debug|x64.Build.0 = Debug|Any CPU
		{258CBC36-2616-4934-8232-81D6849C06F4}.Debug|x86.ActiveCfg = Debug|Any CPU
		{258CBC36-2616-4934-8232-81D6849C06F4}.Debug|x86.Build.0 = Debug|Any CPU
		{258CBC36-2616-4934-8232-81D6849C06F4}.Release|Any CPU.ActiveCfg = Release|Any CPU
		{258CBC36-2616-4934-8232-81D6849C06F4}.Release|Any CPU.Build.0 = Release|Any CPU
		{258CBC36-2616-4934-8232-81D6849C06F4}.Release|x64.ActiveCfg = Release|Any CPU
		{258CBC36-2616-4934-8232-81D6849C06F4}.Release|x64.Build.0 = Release|Any CPU
		{258CBC36-2616-4934-8232-81D6849C06F4}.Release|x86.ActiveCfg = Release|Any CPU
		{258CBC36-2616-4934-8232-81D6849C06F4}.Release|x86.Build.0 = Release|Any CPU
		{C0231B02-AC7B-48B6-A04D-B11D4A2C7463}.Debug|Any CPU.ActiveCfg = Debug|Any CPU
		{C0231B02-AC7B-48B6-A04D-B11D4A2C7463}.Debug|Any CPU.Build.0 = Debug|Any CPU
		{C0231B02-AC7B-48B6-A04D-B11D4A2C7463}.Debug|x64.ActiveCfg = Debug|Any CPU
		{C0231B02-AC7B-48B6-A04D-B11D4A2C7463}.Debug|x64.Build.0 = Debug|Any CPU
		{C0231B02-AC7B-48B6-A04D-B11D4A2C7463}.Debug|x86.ActiveCfg = Debug|Any CPU
		{C0231B02-AC7B-48B6-A04D-B11D4A2C7463}.Debug|x86.Build.0 = Debug|Any CPU
		{C0231B02-AC7B-48B6-A04D-B11D4A2C7463}.Release|Any CPU.ActiveCfg = Release|Any CPU
		{C0231B02-AC7B-48B6-A04D-B11D4A2C7463}.Release|Any CPU.Build.0 = Release|Any CPU
		{C0231B02-AC7B-48B6-A04D-B11D4A2C7463}.Release|x64.ActiveCfg = Release|Any CPU
		{C0231B02-AC7B-48B6-A04D-B11D4A2C7463}.Release|x64.Build.0 = Release|Any CPU
		{C0231B02-AC7B-48B6-A04D-B11D4A2C7463}.Release|x86.ActiveCfg = Release|Any CPU
		{C0231B02-AC7B-48B6-A04D-B11D4A2C7463}.Release|x86.Build.0 = Release|Any CPU
		{433290FC-D7E9-4DC9-B97E-8DD89D351A04}.Debug|Any CPU.ActiveCfg = Debug|Any CPU
		{433290FC-D7E9-4DC9-B97E-8DD89D351A04}.Debug|Any CPU.Build.0 = Debug|Any CPU
		{433290FC-D7E9-4DC9-B97E-8DD89D351A04}.Debug|x64.ActiveCfg = Debug|Any CPU
		{433290FC-D7E9-4DC9-B97E-8DD89D351A04}.Debug|x64.Build.0 = Debug|Any CPU
		{433290FC-D7E9-4DC9-B97E-8DD89D351A04}.Debug|x86.ActiveCfg = Debug|Any CPU
		{433290FC-D7E9-4DC9-B97E-8DD89D351A04}.Debug|x86.Build.0 = Debug|Any CPU
		{433290FC-D7E9-4DC9-B97E-8DD89D351A04}.Release|Any CPU.ActiveCfg = Release|Any CPU
		{433290FC-D7E9-4DC9-B97E-8DD89D351A04}.Release|Any CPU.Build.0 = Release|Any CPU
		{433290FC-D7E9-4DC9-B97E-8DD89D351A04}.Release|x64.ActiveCfg = Release|Any CPU
		{433290FC-D7E9-4DC9-B97E-8DD89D351A04}.Release|x64.Build.0 = Release|Any CPU
		{433290FC-D7E9-4DC9-B97E-8DD89D351A04}.Release|x86.ActiveCfg = Release|Any CPU
		{433290FC-D7E9-4DC9-B97E-8DD89D351A04}.Release|x86.Build.0 = Release|Any CPU
		{8FCF23F3-CE13-44D2-A507-6D8ECD9732DD}.Debug|Any CPU.ActiveCfg = Debug|Any CPU
		{8FCF23F3-CE13-44D2-A507-6D8ECD9732DD}.Debug|Any CPU.Build.0 = Debug|Any CPU
		{8FCF23F3-CE13-44D2-A507-6D8ECD9732DD}.Debug|x64.ActiveCfg = Debug|Any CPU
		{8FCF23F3-CE13-44D2-A507-6D8ECD9732DD}.Debug|x64.Build.0 = Debug|Any CPU
		{8FCF23F3-CE13-44D2-A507-6D8ECD9732DD}.Debug|x86.ActiveCfg = Debug|Any CPU
		{8FCF23F3-CE13-44D2-A507-6D8ECD9732DD}.Debug|x86.Build.0 = Debug|Any CPU
		{8FCF23F3-CE13-44D2-A507-6D8ECD9732DD}.Release|Any CPU.ActiveCfg = Release|Any CPU
		{8FCF23F3-CE13-44D2-A507-6D8ECD9732DD}.Release|Any CPU.Build.0 = Release|Any CPU
		{8FCF23F3-CE13-44D2-A507-6D8ECD9732DD}.Release|x64.ActiveCfg = Release|Any CPU
		{8FCF23F3-CE13-44D2-A507-6D8ECD9732DD}.Release|x64.Build.0 = Release|Any CPU
		{8FCF23F3-CE13-44D2-A507-6D8ECD9732DD}.Release|x86.ActiveCfg = Release|Any CPU
		{8FCF23F3-CE13-44D2-A507-6D8ECD9732DD}.Release|x86.Build.0 = Release|Any CPU
		{0D62F5FD-A332-460A-9AC6-327AB4CBD0C3}.Debug|Any CPU.ActiveCfg = Debug|Any CPU
		{0D62F5FD-A332-460A-9AC6-327AB4CBD0C3}.Debug|Any CPU.Build.0 = Debug|Any CPU
		{0D62F5FD-A332-460A-9AC6-327AB4CBD0C3}.Debug|x64.ActiveCfg = Debug|Any CPU
		{0D62F5FD-A332-460A-9AC6-327AB4CBD0C3}.Debug|x64.Build.0 = Debug|Any CPU
		{0D62F5FD-A332-460A-9AC6-327AB4CBD0C3}.Debug|x86.ActiveCfg = Debug|Any CPU
		{0D62F5FD-A332-460A-9AC6-327AB4CBD0C3}.Debug|x86.Build.0 = Debug|Any CPU
		{0D62F5FD-A332-460A-9AC6-327AB4CBD0C3}.Release|Any CPU.ActiveCfg = Release|Any CPU
		{0D62F5FD-A332-460A-9AC6-327AB4CBD0C3}.Release|Any CPU.Build.0 = Release|Any CPU
		{0D62F5FD-A332-460A-9AC6-327AB4CBD0C3}.Release|x64.ActiveCfg = Release|Any CPU
		{0D62F5FD-A332-460A-9AC6-327AB4CBD0C3}.Release|x64.Build.0 = Release|Any CPU
		{0D62F5FD-A332-460A-9AC6-327AB4CBD0C3}.Release|x86.ActiveCfg = Release|Any CPU
		{0D62F5FD-A332-460A-9AC6-327AB4CBD0C3}.Release|x86.Build.0 = Release|Any CPU
	EndGlobalSection
	GlobalSection(SolutionProperties) = preSolution
		HideSolutionNode = FALSE
	EndGlobalSection
	GlobalSection(NestedProjects) = preSolution
		{1B1C571A-2B03-4CF8-A158-912C4789698A} = {827E0CD3-B72D-47B6-A68D-7590B98EB39B}
		{F3F1A41F-2886-43F6-BD99-8DC3BFB6E9A3} = {827E0CD3-B72D-47B6-A68D-7590B98EB39B}
		{258CBC36-2616-4934-8232-81D6849C06F4} = {827E0CD3-B72D-47B6-A68D-7590B98EB39B}
		{C0231B02-AC7B-48B6-A04D-B11D4A2C7463} = {827E0CD3-B72D-47B6-A68D-7590B98EB39B}
		{433290FC-D7E9-4DC9-B97E-8DD89D351A04} = {827E0CD3-B72D-47B6-A68D-7590B98EB39B}
		{8FCF23F3-CE13-44D2-A507-6D8ECD9732DD} = {0AB3BF05-4346-4AA6-1389-037BE0695223}
		{0D62F5FD-A332-460A-9AC6-327AB4CBD0C3} = {0AB3BF05-4346-4AA6-1389-037BE0695223}
	EndGlobalSection
EndGlobal
